
Microsoft Visual Studio Solution File, Format Version 12.00
# Visual Studio 2017
Project("{FAE04EC0-301F-11D3-BF4B-00C04F79EFBC}") = "Project-FPS", "Project-FPS.csproj", "{09216963-7AE5-625D-63FC-1141AA9D53E2}"
EndProject
Project("{FAE04EC0-301F-11D3-BF4B-00C04F79EFBC}") = "Project-FPS.Editor", "Project-FPS.Editor.csproj", "{60C88243-046E-68DA-2223-B8C34959E762}"
EndProject
Global
	GlobalSection(SolutionConfigurationPlatforms) = preSolution
		Debug|Any CPU = Debug|Any CPU
		Release|Any CPU = Release|Any CPU
	EndGlobalSection
	GlobalSection(ProjectConfigurationPlatforms) = postSolution
		{09216963-7AE5-625D-63FC-1141AA9D53E2}.Debug|Any CPU.ActiveCfg = Debug|Any CPU
		{09216963-7AE5-625D-63FC-1141AA9D53E2}.Debug|Any CPU.Build.0 = Debug|Any CPU
		{09216963-7AE5-625D-63FC-1141AA9D53E2}.Release|Any CPU.ActiveCfg = Release|Any CPU
		{09216963-7AE5-625D-63FC-1141AA9D53E2}.Release|Any CPU.Build.0 = Release|Any CPU
		{60C88243-046E-68DA-2223-B8C34959E762}.Debug|Any CPU.ActiveCfg = Debug|Any CPU
		{60C88243-046E-68DA-2223-B8C34959E762}.Debug|Any CPU.Build.0 = Debug|Any CPU
		{60C88243-046E-68DA-2223-B8C34959E762}.Release|Any CPU.ActiveCfg = Release|Any CPU
		{60C88243-046E-68DA-2223-B8C34959E762}.Release|Any CPU.Build.0 = Release|Any CPU
	EndGlobalSection
	GlobalSection(SolutionProperties) = preSolution
		HideSolutionNode = FALSE
	EndGlobalSection
EndGlobal
